
Microsoft Visual Studio Solution File, Format Version 12.00
# Visual Studio 15
VisualStudioVersion = 15.0.28010.2036
MinimumVisualStudioVersion = 10.0.40219.1
Project("{FAE04EC0-301F-11D3-BF4B-00C04F79EFBC}") = "Demo.AsyncAwaitExample", "Demo.AsyncAwaitExample.csproj", "{03981718-3B2D-4981-913C-0A469824EA85}"
EndProject
Global
	GlobalSection(SolutionConfigurationPlatforms) = preSolution
		Debug|Any CPU = Debug|Any CPU
		Release|Any CPU = Release|Any CPU
	EndGlobalSection
	GlobalSection(ProjectConfigurationPlatforms) = postSolution
		{03981718-3B2D-4981-913C-0A469824EA85}.Debug|Any CPU.ActiveCfg = Debug|Any CPU
		{03981718-3B2D-4981-913C-0A469824EA85}.Debug|Any CPU.Build.0 = Debug|Any CPU
		{03981718-3B2D-4981-913C-0A469824EA85}.Release|Any CPU.ActiveCfg = Release|Any CPU
		{03981718-3B2D-4981-913C-0A469824EA85}.Release|Any CPU.Build.0 = Release|Any CPU
	EndGlobalSection
	GlobalSection(SolutionProperties) = preSolution
		HideSolutionNode = FALSE
	EndGlobalSection
	GlobalSection(ExtensibilityGlobals) = postSolution
		SolutionGuid = {4248B8FA-4D28-4952-A25E-8479210DDDD5}
	EndGlobalSection
EndGlobal
